
Microsoft Visual Studio Solution File, Format Version 12.00
# Visual Studio Version 16
VisualStudioVersion = 16.0.29926.136
MinimumVisualStudioVersion = 10.0.40219.1
Project("{FAE04EC0-301F-11D3-BF4B-00C04F79EFBC}") = "Calculatrice", "Calculatrice\Calculatrice.csproj", "{C481F463-4F2B-437C-A7D3-C074A4BD5BA1}"
EndProject
Project("{FAE04EC0-301F-11D3-BF4B-00C04F79EFBC}") = "Calculatrice.Tests", "Calculatrice.Tests\Calculatrice.Tests.csproj", "{8A419CA7-DD3D-476C-9AB1-E1FD5C345FFB}"
EndProject
Global
	GlobalSection(SolutionConfigurationPlatforms) = preSolution
		Debug|Any CPU = Debug|Any CPU
		Release|Any CPU = Release|Any CPU
	EndGlobalSection
	GlobalSection(ProjectConfigurationPlatforms) = postSolution
		{C481F463-4F2B-437C-A7D3-C074A4BD5BA1}.Debug|Any CPU.ActiveCfg = Debug|Any CPU
		{C481F463-4F2B-437C-A7D3-C074A4BD5BA1}.Debug|Any CPU.Build.0 = Debug|Any CPU
		{C481F463-4F2B-437C-A7D3-C074A4BD5BA1}.Release|Any CPU.ActiveCfg = Release|Any CPU
		{C481F463-4F2B-437C-A7D3-C074A4BD5BA1}.Release|Any CPU.Build.0 = Release|Any CPU
		{8A419CA7-DD3D-476C-9AB1-E1FD5C345FFB}.Debug|Any CPU.ActiveCfg = Debug|Any CPU
		{8A419CA7-DD3D-476C-9AB1-E1FD5C345FFB}.Debug|Any CPU.Build.0 = Debug|Any CPU
		{8A419CA7-DD3D-476C-9AB1-E1FD5C345FFB}.Release|Any CPU.ActiveCfg = Release|Any CPU
		{8A419CA7-DD3D-476C-9AB1-E1FD5C345FFB}.Release|Any CPU.Build.0 = Release|Any CPU
	EndGlobalSection
	GlobalSection(SolutionProperties) = preSolution
		HideSolutionNode = FALSE
	EndGlobalSection
	GlobalSection(ExtensibilityGlobals) = postSolution
		SolutionGuid = {6A29A1B6-2237-43BF-A2B7-F579A8676ED7}
	EndGlobalSection
EndGlobal
